{
  "originHash" : "18553bb3aead3403c17e693dcc83408873b21252c35a1d0475e5ee77fe5c6dd5",
  "pins" : [
    {
      "identity" : "kokoro-ios",
      "kind" : "remoteSourceControl",
      "location" : "https://github.com/mlalma/kokoro-ios.git",
      "state" : {
        "revision" : "4d6d1d8ff8cd012014180c9cd4cf0151e7682354",
        "version" : "1.0.11"
      }
    },
    {
      "identity" : "misakiswift",
      "kind" : "remoteSourceControl",
      "location" : "https://github.com/mlalma/MisakiSwift",
      "state" : {
        "revision" : "6835a1ce4a8854075c89f18ff75c74b13ef58e15",
        "version" : "1.0.6"
      }
    },
    {
      "identity" : "mlx-swift",
      "kind" : "remoteSourceControl",
      "location" : "https://github.com/ml-explore/mlx-swift",
      "state" : {
        "revision" : "f58bd2c2b3b84316da69182f436db4219aff30b9",
        "version" : "0.30.2"
      }
    },
    {
      "identity" : "mlxutilslibrary",
      "kind" : "remoteSourceControl",
      "location" : "https://github.com/mlalma/MLXUtilsLibrary.git",
      "state" : {
        "revision" : "41f6cfd5d68b65aa3c65a34efe3b71c371ed915b",
        "version" : "0.0.6"
      }
    },
    {
      "identity" : "swift-numerics",
      "kind" : "remoteSourceControl",
      "location" : "https://github.com/apple/swift-numerics",
      "state" : {
        "revision" : "0c0290ff6b24942dadb83a929ffaaa1481df04a2",
        "version" : "1.1.1"
      }
    },
    {
      "identity" : "zipfoundation",
      "kind" : "remoteSourceControl",
      "location" : "https://github.com/weichsel/ZIPFoundation.git",
      "state" : {
        "revision" : "b979e8b52c7ae7f3f39fa0182e738e9e7257eb78",
        "version" : "0.9.18"
      }
    }
  ],
  "version" : 3
}
